// !$*UTF8*$!
{
	archiveVersion = 1;
	classes = {
	};
	objectVersion = 50;
	objects = {

/* Begin PBXBuildFile section */
		1460ECE72361DB9500D00B06 /* AppDelegate.swift in Sources */ = {isa = PBXBuildFile; fileRef = 1460ECE62361DB9500D00B06 /* AppDelegate.swift */; };
		1460ECE92361DB9500D00B06 /* SceneDelegate.swift in Sources */ = {isa = PBXBuildFile; fileRef = 1460ECE82361DB9500D00B06 /* SceneDelegate.swift */; };
		1460ECEE2361DB9500D00B06 /* Main.storyboard in Resources */ = {isa = PBXBuildFile; fileRef = 1460ECEC2361DB9500D00B06 /* Main.storyboard */; };
		1460ECF02361DB9700D00B06 /* Assets.xcassets in Resources */ = {isa = PBXBuildFile; fileRef = 1460ECEF2361DB9700D00B06 /* Assets.xcassets */; };
		1460ECF32361DB9700D00B06 /* LaunchScreen.storyboard in Resources */ = {isa = PBXBuildFile; fileRef = 1460ECF12361DB9700D00B06 /* LaunchScreen.storyboard */; };
		1460ECFE2361DB9700D00B06 /* NeoNewsTests.swift in Sources */ = {isa = PBXBuildFile; fileRef = 1460ECFD2361DB9700D00B06 /* NeoNewsTests.swift */; };
		1460ED0B2362129300D00B06 /* ThemeManager.swift in Sources */ = {isa = PBXBuildFile; fileRef = 1460ED0A2362129300D00B06 /* ThemeManager.swift */; };
		1460ED3F2365C12B00D00B06 /* UIColor+RGB.swift in Sources */ = {isa = PBXBuildFile; fileRef = 1460ED3E2365C12B00D00B06 /* UIColor+RGB.swift */; };
		1460ED412365C61500D00B06 /* HeadlinesViewController.swift in Sources */ = {isa = PBXBuildFile; fileRef = 1460ED402365C61500D00B06 /* HeadlinesViewController.swift */; };
		1460ED442365CF1800D00B06 /* HeadlinesCell.swift in Sources */ = {isa = PBXBuildFile; fileRef = 1460ED432365CF1800D00B06 /* HeadlinesCell.swift */; };
		1460ED472365FCDF00D00B06 /* WebService.swift in Sources */ = {isa = PBXBuildFile; fileRef = 1460ED462365FCDF00D00B06 /* WebService.swift */; };
/* End PBXBuildFile section */

/* Begin PBXContainerItemProxy section */
		1460ECFA2361DB9700D00B06 /* PBXContainerItemProxy */ = {
			isa = PBXContainerItemProxy;
			containerPortal = 1460ECDB2361DB9500D00B06 /* Project object */;
			proxyType = 1;
			remoteGlobalIDString = 1460ECE22361DB9500D00B06;
			remoteInfo = NeoNews;
		};
/* End PBXContainerItemProxy section */

/* Begin PBXFileReference section */
		1460ECE32361DB9500D00B06 /* NeoNews.app */ = {isa = PBXFileReference; explicitFileType = wrapper.application; includeInIndex = 0; path = NeoNews.app; sourceTree = BUILT_PRODUCTS_DIR; };
		1460ECE62361DB9500D00B06 /* AppDelegate.swift */ = {isa = PBXFileReference; lastKnownFileType = sourcecode.swift; path = AppDelegate.swift; sourceTree = "<group>"; };
		1460ECE82361DB9500D00B06 /* SceneDelegate.swift */ = {isa = PBXFileReference; lastKnownFileType = sourcecode.swift; path = SceneDelegate.swift; sourceTree = "<group>"; };
		1460ECED2361DB9500D00B06 /* Base */ = {isa = PBXFileReference; lastKnownFileType = file.storyboard; name = Base; path = Base.lproj/Main.storyboard; sourceTree = "<group>"; };
		1460ECEF2361DB9700D00B06 /* Assets.xcassets */ = {isa = PBXFileReference; lastKnownFileType = folder.assetcatalog; path = Assets.xcassets; sourceTree = "<group>"; };
		1460ECF22361DB9700D00B06 /* Base */ = {isa = PBXFileReference; lastKnownFileType = file.storyboard; name = Base; path = Base.lproj/LaunchScreen.storyboard; sourceTree = "<group>"; };
		1460ECF42361DB9700D00B06 /* Info.plist */ = {isa = PBXFileReference; lastKnownFileType = text.plist.xml; path = Info.plist; sourceTree = "<group>"; };
		1460ECF92361DB9700D00B06 /* NeoNewsTests.xctest */ = {isa = PBXFileReference; explicitFileType = wrapper.cfbundle; includeInIndex = 0; path = NeoNewsTests.xctest; sourceTree = BUILT_PRODUCTS_DIR; };
		1460ECFD2361DB9700D00B06 /* NeoNewsTests.swift */ = {isa = PBXFileReference; lastKnownFileType = sourcecode.swift; path = NeoNewsTests.swift; sourceTree = "<group>"; };
		1460ECFF2361DB9700D00B06 /* Info.plist */ = {isa = PBXFileReference; lastKnownFileType = text.plist.xml; path = Info.plist; sourceTree = "<group>"; };
		1460ED0A2362129300D00B06 /* ThemeManager.swift */ = {isa = PBXFileReference; lastKnownFileType = sourcecode.swift; path = ThemeManager.swift; sourceTree = "<group>"; };
		1460ED3E2365C12B00D00B06 /* UIColor+RGB.swift */ = {isa = PBXFileReference; lastKnownFileType = sourcecode.swift; path = "UIColor+RGB.swift"; sourceTree = "<group>"; };
		1460ED402365C61500D00B06 /* HeadlinesViewController.swift */ = {isa = PBXFileReference; lastKnownFileType = sourcecode.swift; path = HeadlinesViewController.swift; sourceTree = "<group>"; };
		1460ED432365CF1800D00B06 /* HeadlinesCell.swift */ = {isa = PBXFileReference; lastKnownFileType = sourcecode.swift; path = HeadlinesCell.swift; sourceTree = "<group>"; };
		1460ED462365FCDF00D00B06 /* WebService.swift */ = {isa = PBXFileReference; lastKnownFileType = sourcecode.swift; path = WebService.swift; sourceTree = "<group>"; };
/* End PBXFileReference section */

/* Begin PBXFrameworksBuildPhase section */
		1460ECE02361DB9500D00B06 /* Frameworks */ = {
			isa = PBXFrameworksBuildPhase;
			buildActionMask = 2147483647;
			files = (
			);
			runOnlyForDeploymentPostprocessing = 0;
		};
		1460ECF62361DB9700D00B06 /* Frameworks */ = {
			isa = PBXFrameworksBuildPhase;
			buildActionMask = 2147483647;
			files = (
			);
			runOnlyForDeploymentPostprocessing = 0;
		};
/* End PBXFrameworksBuildPhase section */

/* Begin PBXGroup section */
		1460ECDA2361DB9500D00B06 = {
			isa = PBXGroup;
			children = (
				1460ECE52361DB9500D00B06 /* NeoNews */,
				1460ECFC2361DB9700D00B06 /* NeoNewsTests */,
				1460ECE42361DB9500D00B06 /* Products */,
			);
			sourceTree = "<group>";
		};
		1460ECE42361DB9500D00B06 /* Products */ = {
			isa = PBXGroup;
			children = (
				1460ECE32361DB9500D00B06 /* NeoNews.app */,
				1460ECF92361DB9700D00B06 /* NeoNewsTests.xctest */,
			);
			name = Products;
			sourceTree = "<group>";
		};
		1460ECE52361DB9500D00B06 /* NeoNews */ = {
			isa = PBXGroup;
			children = (
				1460ED452365FCBF00D00B06 /* Services */,
				1460ED422365CE8B00D00B06 /* Cells */,
				1460ED092362125B00D00B06 /* Managers */,
				1460ED082361FAC000D00B06 /* Controllers */,
				1460ED3D2365C10800D00B06 /* Extensions */,
				1460ECE62361DB9500D00B06 /* AppDelegate.swift */,
				1460ECE82361DB9500D00B06 /* SceneDelegate.swift */,
				1460ECEC2361DB9500D00B06 /* Main.storyboard */,
				1460ECEF2361DB9700D00B06 /* Assets.xcassets */,
				1460ECF12361DB9700D00B06 /* LaunchScreen.storyboard */,
				1460ECF42361DB9700D00B06 /* Info.plist */,
			);
			path = NeoNews;
			sourceTree = "<group>";
		};
		1460ECFC2361DB9700D00B06 /* NeoNewsTests */ = {
			isa = PBXGroup;
			children = (
				1460ECFD2361DB9700D00B06 /* NeoNewsTests.swift */,
				1460ECFF2361DB9700D00B06 /* Info.plist */,
			);
			path = NeoNewsTests;
			sourceTree = "<group>";
		};
		1460ED082361FAC000D00B06 /* Controllers */ = {
			isa = PBXGroup;
			children = (
				1460ED402365C61500D00B06 /* HeadlinesViewController.swift */,
			);
			path = Controllers;
			sourceTree = "<group>";
		};
		1460ED092362125B00D00B06 /* Managers */ = {
			isa = PBXGroup;
			children = (
				1460ED0A2362129300D00B06 /* ThemeManager.swift */,
			);
			path = Managers;
			sourceTree = "<group>";
		};
		1460ED3D2365C10800D00B06 /* Extensions */ = {
			isa = PBXGroup;
			children = (
				1460ED3E2365C12B00D00B06 /* UIColor+RGB.swift */,
			);
			path = Extensions;
			sourceTree = "<group>";
		};
		1460ED422365CE8B00D00B06 /* Cells */ = {
			isa = PBXGroup;
			children = (
				1460ED432365CF1800D00B06 /* HeadlinesCell.swift */,
			);
			path = Cells;
			sourceTree = "<group>";
		};
		1460ED452365FCBF00D00B06 /* Services */ = {
			isa = PBXGroup;
			children = (
				1460ED462365FCDF00D00B06 /* WebService.swift */,
			);
			path = Services;
			sourceTree = "<group>";
		};
/* End PBXGroup section */

/* Begin PBXNativeTarget section */
		1460ECE22361DB9500D00B06 /* NeoNews */ = {
			isa = PBXNativeTarget;
			buildConfigurationList = 1460ED022361DB9700D00B06 /* Build configuration list for PBXNativeTarget "NeoNews" */;
			buildPhases = (
				1460ECDF2361DB9500D00B06 /* Sources */,
				1460ECE02361DB9500D00B06 /* Frameworks */,
				1460ECE12361DB9500D00B06 /* Resources */,
			);
			buildRules = (
			);
			dependencies = (
			);
			name = NeoNews;
			productName = NeoNews;
			productReference = 1460ECE32361DB9500D00B06 /* NeoNews.app */;
			productType = "com.apple.product-type.application";
		};
		1460ECF82361DB9700D00B06 /* NeoNewsTests */ = {
			isa = PBXNativeTarget;
			buildConfigurationList = 1460ED052361DB9700D00B06 /* Build configuration list for PBXNativeTarget "NeoNewsTests" */;
			buildPhases = (
				1460ECF52361DB9700D00B06 /* Sources */,
				1460ECF62361DB9700D00B06 /* Frameworks */,
				1460ECF72361DB9700D00B06 /* Resources */,
			);
			buildRules = (
			);
			dependencies = (
				1460ECFB2361DB9700D00B06 /* PBXTargetDependency */,
			);
			name = NeoNewsTests;
			productName = NeoNewsTests;
			productReference = 1460ECF92361DB9700D00B06 /* NeoNewsTests.xctest */;
			productType = "com.apple.product-type.bundle.unit-test";
		};
/* End PBXNativeTarget section */

/* Begin PBXProject section */
		1460ECDB2361DB9500D00B06 /* Project object */ = {
			isa = PBXProject;
			attributes = {
				LastSwiftUpdateCheck = 1110;
				LastUpgradeCheck = 1110;
				ORGANIZATIONNAME = X;
				TargetAttributes = {
					1460ECE22361DB9500D00B06 = {
						CreatedOnToolsVersion = 11.1;
					};
					1460ECF82361DB9700D00B06 = {
						CreatedOnToolsVersion = 11.1;
						TestTargetID = 1460ECE22361DB9500D00B06;
					};
				};
			};
			buildConfigurationList = 1460ECDE2361DB9500D00B06 /* Build configuration list for PBXProject "NeoNews" */;
			compatibilityVersion = "Xcode 9.3";
			developmentRegion = en;
			hasScannedForEncodings = 0;
			knownRegions = (
				en,
				Base,
			);
			mainGroup = 1460ECDA2361DB9500D00B06;
			productRefGroup = 1460ECE42361DB9500D00B06 /* Products */;
			projectDirPath = "";
			projectRoot = "";
			targets = (
				1460ECE22361DB9500D00B06 /* NeoNews */,
				1460ECF82361DB9700D00B06 /* NeoNewsTests */,
			);
		};
/* End PBXProject section */

/* Begin PBXResourcesBuildPhase section */
		1460ECE12361DB9500D00B06 /* Resources */ = {
			isa = PBXResourcesBuildPhase;
			buildActionMask = 2147483647;
			files = (
				1460ECF32361DB9700D00B06 /* LaunchScreen.storyboard in Resources */,
				1460ECF02361DB9700D00B06 /* Assets.xcassets in Resources */,
				1460ECEE2361DB9500D00B06 /* Main.storyboard in Resources */,
			);
			runOnlyForDeploymentPostprocessing = 0;
		};
		1460ECF72361DB9700D00B06 /* Resources */ = {
			isa = PBXResourcesBuildPhase;
			buildActionMask = 2147483647;
			files = (
			);
			runOnlyForDeploymentPostprocessing = 0;
		};
/* End PBXResourcesBuildPhase section */

/* Begin PBXSourcesBuildPhase section */
		1460ECDF2361DB9500D00B06 /* Sources */ = {
			isa = PBXSourcesBuildPhase;
			buildActionMask = 2147483647;
			files = (
				1460ECE72361DB9500D00B06 /* AppDelegate.swift in Sources */,
				1460ED442365CF1800D00B06 /* HeadlinesCell.swift in Sources */,
				1460ED412365C61500D00B06 /* HeadlinesViewController.swift in Sources */,
				1460ECE92361DB9500D00B06 /* SceneDelegate.swift in Sources */,
				1460ED472365FCDF00D00B06 /* WebService.swift in Sources */,
				1460ED0B2362129300D00B06 /* ThemeManager.swift in Sources */,
				1460ED3F2365C12B00D00B06 /* UIColor+RGB.swift in Sources */,
			);
			runOnlyForDeploymentPostprocessing = 0;
		};
		1460ECF52361DB9700D00B06 /* Sources */ = {
			isa = PBXSourcesBuildPhase;
			buildActionMask = 2147483647;
			files = (
				1460ECFE2361DB9700D00B06 /* NeoNewsTests.swift in Sources */,
			);
			runOnlyForDeploymentPostprocessing = 0;
		};
/* End PBXSourcesBuildPhase section */

/* Begin PBXTargetDependency section */
		1460ECFB2361DB9700D00B06 /* PBXTargetDependency */ = {
			isa = PBXTargetDependency;
			target = 1460ECE22361DB9500D00B06 /* NeoNews */;
			targetProxy = 1460ECFA2361DB9700D00B06 /* PBXContainerItemProxy */;
		};
/* End PBXTargetDependency section */

/* Begin PBXVariantGroup section */
		1460ECEC2361DB9500D00B06 /* Main.storyboard */ = {
			isa = PBXVariantGroup;
			children = (
				1460ECED2361DB9500D00B06 /* Base */,
			);
			name = Main.storyboard;
			sourceTree = "<group>";
		};
		1460ECF12361DB9700D00B06 /* LaunchScreen.storyboard */ = {
			isa = PBXVariantGroup;
			children = (
				1460ECF22361DB9700D00B06 /* Base */,
			);
			name = LaunchScreen.storyboard;
			sourceTree = "<group>";
		};
/* End PBXVariantGroup section */

/* Begin XCBuildConfiguration section */
		1460ED002361DB9700D00B06 /* Debug */ = {
			isa = XCBuildConfiguration;
			buildSettings = {
				ALWAYS_SEARCH_USER_PATHS = NO;
				CLANG_ANALYZER_NONNULL = YES;
				CLANG_ANALYZER_NUMBER_OBJECT_CONVERSION = YES_AGGRESSIVE;
				CLANG_CXX_LANGUAGE_STANDARD = "gnu++14";
				CLANG_CXX_LIBRARY = "libc++";
				CLANG_ENABLE_MODULES = YES;
				CLANG_ENABLE_OBJC_ARC = YES;
				CLANG_ENABLE_OBJC_WEAK = YES;
				CLANG_WARN_BLOCK_CAPTURE_AUTORELEASING = YES;
				CLANG_WARN_BOOL_CONVERSION = YES;
				CLANG_WARN_COMMA = YES;
				CLANG_WARN_CONSTANT_CONVERSION = YES;
				CLANG_WARN_DEPRECATED_OBJC_IMPLEMENTATIONS = YES;
				CLANG_WARN_DIRECT_OBJC_ISA_USAGE = YES_ERROR;
				CLANG_WARN_DOCUMENTATION_COMMENTS = YES;
				CLANG_WARN_EMPTY_BODY = YES;
				CLANG_WARN_ENUM_CONVERSION = YES;
				CLANG_WARN_INFINITE_RECURSION = YES;
				CLANG_WARN_INT_CONVERSION = YES;
				CLANG_WARN_NON_LITERAL_NULL_CONVERSION = YES;
				CLANG_WARN_OBJC_IMPLICIT_RETAIN_SELF = YES;
				CLANG_WARN_OBJC_LITERAL_CONVERSION = YES;
				CLANG_WARN_OBJC_ROOT_CLASS = YES_ERROR;
				CLANG_WARN_RANGE_LOOP_ANALYSIS = YES;
				CLANG_WARN_STRICT_PROTOTYPES = YES;
				CLANG_WARN_SUSPICIOUS_MOVE = YES;
				CLANG_WARN_UNGUARDED_AVAILABILITY = YES_AGGRESSIVE;
				CLANG_WARN_UNREACHABLE_CODE = YES;
				CLANG_WARN__DUPLICATE_METHOD_MATCH = YES;
				COPY_PHASE_STRIP = NO;
				DEBUG_INFORMATION_FORMAT = dwarf;
				ENABLE_STRICT_OBJC_MSGSEND = YES;
				ENABLE_TESTABILITY = YES;
				GCC_C_LANGUAGE_STANDARD = gnu11;
				GCC_DYNAMIC_NO_PIC = NO;
				GCC_NO_COMMON_BLOCKS = YES;
				GCC_OPTIMIZATION_LEVEL = 0;
				GCC_PREPROCESSOR_DEFINITIONS = (
					"DEBUG=1",
					"$(inherited)",
				);
				GCC_WARN_64_TO_32_BIT_CONVERSION = YES;
				GCC_WARN_ABOUT_RETURN_TYPE = YES_ERROR;
				GCC_WARN_UNDECLARED_SELECTOR = YES;
				GCC_WARN_UNINITIALIZED_AUTOS = YES_AGGRESSIVE;
				GCC_WARN_UNUSED_FUNCTION = YES;
				GCC_WARN_UNUSED_VARIABLE = YES;
				IPHONEOS_DEPLOYMENT_TARGET = 13.1;
				MTL_ENABLE_DEBUG_INFO = INCLUDE_SOURCE;
				MTL_FAST_MATH = YES;
				ONLY_ACTIVE_ARCH = YES;
				SDKROOT = iphoneos;
				SWIFT_ACTIVE_COMPILATION_CONDITIONS = DEBUG;
				SWIFT_OPTIMIZATION_LEVEL = "-Onone";
			};
			name = Debug;
		};
		1460ED012361DB9700D00B06 /* Release */ = {
			isa = XCBuildConfiguration;
			buildSettings = {
				ALWAYS_SEARCH_USER_PATHS = NO;
				CLANG_ANALYZER_NONNULL = YES;
				CLANG_ANALYZER_NUMBER_OBJECT_CONVERSION = YES_AGGRESSIVE;
				CLANG_CXX_LANGUAGE_STANDARD = "gnu++14";
				CLANG_CXX_LIBRARY = "libc++";
				CLANG_ENABLE_MODULES = YES;
				CLANG_ENABLE_OBJC_ARC = YES;
				CLANG_ENABLE_OBJC_WEAK = YES;
				CLANG_WARN_BLOCK_CAPTURE_AUTORELEASING = YES;
				CLANG_WARN_BOOL_CONVERSION = YES;
				CLANG_WARN_COMMA = YES;
				CLANG_WARN_CONSTANT_CONVERSION = YES;
				CLANG_WARN_DEPRECATED_OBJC_IMPLEMENTATIONS = YES;
				CLANG_WARN_DIRECT_OBJC_ISA_USAGE = YES_ERROR;
				CLANG_WARN_DOCUMENTATION_COMMENTS = YES;
				CLANG_WARN_EMPTY_BODY = YES;
				CLANG_WARN_ENUM_CONVERSION = YES;
				CLANG_WARN_INFINITE_RECURSION = YES;
				CLANG_WARN_INT_CONVERSION = YES;
				CLANG_WARN_NON_LITERAL_NULL_CONVERSION = YES;
				CLANG_WARN_OBJC_IMPLICIT_RETAIN_SELF = YES;
				CLANG_WARN_OBJC_LITERAL_CONVERSION = YES;
				CLANG_WARN_OBJC_ROOT_CLASS = YES_ERROR;
				CLANG_WARN_RANGE_LOOP_ANALYSIS = YES;
				CLANG_WARN_STRICT_PROTOTYPES = YES;
				CLANG_WARN_SUSPICIOUS_MOVE = YES;
				CLANG_WARN_UNGUARDED_AVAILABILITY = YES_AGGRESSIVE;
				CLANG_WARN_UNREACHABLE_CODE = YES;
				CLANG_WARN__DUPLICATE_METHOD_MATCH = YES;
				COPY_PHASE_STRIP = NO;
				DEBUG_INFORMATION_FORMAT = "dwarf-with-dsym";
				ENABLE_NS_ASSERTIONS = NO;
				ENABLE_STRICT_OBJC_MSGSEND = YES;
				GCC_C_LANGUAGE_STANDARD = gnu11;
				GCC_NO_COMMON_BLOCKS = YES;
				GCC_WARN_64_TO_32_BIT_CONVERSION = YES;
				GCC_WARN_ABOUT_RETURN_TYPE = YES_ERROR;
				GCC_WARN_UNDECLARED_SELECTOR = YES;
				GCC_WARN_UNINITIALIZED_AUTOS = YES_AGGRESSIVE;
				GCC_WARN_UNUSED_FUNCTION = YES;
				GCC_WARN_UNUSED_VARIABLE = YES;
				IPHONEOS_DEPLOYMENT_TARGET = 13.1;
				MTL_ENABLE_DEBUG_INFO = NO;
				MTL_FAST_MATH = YES;
				SDKROOT = iphoneos;
				SWIFT_COMPILATION_MODE = wholemodule;
				SWIFT_OPTIMIZATION_LEVEL = "-O";
				VALIDATE_PRODUCT = YES;
			};
			name = Release;
		};
		1460ED032361DB9700D00B06 /* Debug */ = {
			isa = XCBuildConfiguration;
			buildSettings = {
				ASSETCATALOG_COMPILER_APPICON_NAME = AppIcon;
				CODE_SIGN_STYLE = Automatic;
				DEVELOPMENT_TEAM = 28XXG6S5AU;
				INFOPLIST_FILE = NeoNews/Info.plist;
				LD_RUNPATH_SEARCH_PATHS = (
					"$(inherited)",
					"@executable_path/Frameworks",
				);
				PRODUCT_BUNDLE_IDENTIFIER = org.xrobotics.NeoNews;
				PRODUCT_NAME = "$(TARGET_NAME)";
				SWIFT_VERSION = 5.0;
				TARGETED_DEVICE_FAMILY = "1,2";
			};
			name = Debug;
		};
		1460ED042361DB9700D00B06 /* Release */ = {
			isa = XCBuildConfiguration;
			buildSettings = {
				ASSETCATALOG_COMPILER_APPICON_NAME = AppIcon;
				CODE_SIGN_STYLE = Automatic;
				DEVELOPMENT_TEAM = 28XXG6S5AU;
				INFOPLIST_FILE = NeoNews/Info.plist;
				LD_RUNPATH_SEARCH_PATHS = (
					"$(inherited)",
					"@executable_path/Frameworks",
				);
				PRODUCT_BUNDLE_IDENTIFIER = org.xrobotics.NeoNews;
				PRODUCT_NAME = "$(TARGET_NAME)";
				SWIFT_VERSION = 5.0;
				TARGETED_DEVICE_FAMILY = "1,2";
			};
			name = Release;
		};
		1460ED062361DB9700D00B06 /* Debug */ = {
			isa = XCBuildConfiguration;
			buildSettings = {
				ALWAYS_EMBED_SWIFT_STANDARD_LIBRARIES = YES;
				BUNDLE_LOADER = "$(TEST_HOST)";
				CODE_SIGN_STYLE = Automatic;
				DEVELOPMENT_TEAM = 28XXG6S5AU;
				INFOPLIST_FILE = NeoNewsTests/Info.plist;
				IPHONEOS_DEPLOYMENT_TARGET = 13.1;
				LD_RUNPATH_SEARCH_PATHS = (
					"$(inherited)",
					"@executable_path/Frameworks",
					"@loader_path/Frameworks",
				);
				PRODUCT_BUNDLE_IDENTIFIER = org.xrobotics.NeoNewsTests;
				PRODUCT_NAME = "$(TARGET_NAME)";
				SWIFT_VERSION = 5.0;
				TARGETED_DEVICE_FAMILY = "1,2";
				TEST_HOST = "$(BUILT_PRODUCTS_DIR)/NeoNews.app/NeoNews";
			};
			name = Debug;
		};
		1460ED072361DB9700D00B06 /* Release */ = {
			isa = XCBuildConfiguration;
			buildSettings = {
				ALWAYS_EMBED_SWIFT_STANDARD_LIBRARIES = YES;
				BUNDLE_LOADER = "$(TEST_HOST)";
				CODE_SIGN_STYLE = Automatic;
				DEVELOPMENT_TEAM = 28XXG6S5AU;
				INFOPLIST_FILE = NeoNewsTests/Info.plist;
				IPHONEOS_DEPLOYMENT_TARGET = 13.1;
				LD_RUNPATH_SEARCH_PATHS = (
					"$(inherited)",
					"@executable_path/Frameworks",
					"@loader_path/Frameworks",
				);
				PRODUCT_BUNDLE_IDENTIFIER = org.xrobotics.NeoNewsTests;
				PRODUCT_NAME = "$(TARGET_NAME)";
				SWIFT_VERSION = 5.0;
				TARGETED_DEVICE_FAMILY = "1,2";
				TEST_HOST = "$(BUILT_PRODUCTS_DIR)/NeoNews.app/NeoNews";
			};
			name = Release;
		};
/* End XCBuildConfiguration section */

/* Begin XCConfigurationList section */
		1460ECDE2361DB9500D00B06 /* Build configuration list for PBXProject "NeoNews" */ = {
			isa = XCConfigurationList;
			buildConfigurations = (
				1460ED002361DB9700D00B06 /* Debug */,
				1460ED012361DB9700D00B06 /* Release */,
			);
			defaultConfigurationIsVisible = 0;
			defaultConfigurationName = Release;
		};
		1460ED022361DB9700D00B06 /* Build configuration list for PBXNativeTarget "NeoNews" */ = {
			isa = XCConfigurationList;
			buildConfigurations = (
				1460ED032361DB9700D00B06 /* Debug */,
				1460ED042361DB9700D00B06 /* Release */,
			);
			defaultConfigurationIsVisible = 0;
			defaultConfigurationName = Release;
		};
		1460ED052361DB9700D00B06 /* Build configuration list for PBXNativeTarget "NeoNewsTests" */ = {
			isa = XCConfigurationList;
			buildConfigurations = (
				1460ED062361DB9700D00B06 /* Debug */,
				1460ED072361DB9700D00B06 /* Release */,
			);
			defaultConfigurationIsVisible = 0;
			defaultConfigurationName = Release;
		};
/* End XCConfigurationList section */
	};
	rootObject = 1460ECDB2361DB9500D00B06 /* Project object */;
}
